
Microsoft Visual Studio Solution File, Format Version 12.00
# Visual Studio Version 17
VisualStudioVersion = 17.6.33815.320
MinimumVisualStudioVersion = 10.0.40219.1
Project("{9A19103F-16F7-4668-BE54-9A1E7A4F7556}") = "T2Proxy", "T2Proxy\T2Proxy.csproj", "{99DBA0F2-5149-4C59-BE5C-DA89AD44AB66}"
EndProject
Project("{FAE04EC0-301F-11D3-BF4B-00C04F79EFBC}") = "T2Proxy_Console", "T2Proxy_Console\T2Proxy_Console.csproj", "{63E91635-0857-4853-A5F0-64E4DE895A17}"
EndProject
Global
	GlobalSection(SolutionConfigurationPlatforms) = preSolution
		Debug|Any CPU = Debug|Any CPU
		Debug|x64 = Debug|x64
		Release|Any CPU = Release|Any CPU
		Release|x64 = Release|x64
	EndGlobalSection
	GlobalSection(ProjectConfigurationPlatforms) = postSolution
		{99DBA0F2-5149-4C59-BE5C-DA89AD44AB66}.Debug|Any CPU.ActiveCfg = Debug|Any CPU
		{99DBA0F2-5149-4C59-BE5C-DA89AD44AB66}.Debug|Any CPU.Build.0 = Debug|Any CPU
		{99DBA0F2-5149-4C59-BE5C-DA89AD44AB66}.Debug|x64.ActiveCfg = Debug|Any CPU
		{99DBA0F2-5149-4C59-BE5C-DA89AD44AB66}.Debug|x64.Build.0 = Debug|Any CPU
		{99DBA0F2-5149-4C59-BE5C-DA89AD44AB66}.Release|Any CPU.ActiveCfg = Release|Any CPU
		{99DBA0F2-5149-4C59-BE5C-DA89AD44AB66}.Release|Any CPU.Build.0 = Release|Any CPU
		{99DBA0F2-5149-4C59-BE5C-DA89AD44AB66}.Release|x64.ActiveCfg = Release|Any CPU
		{99DBA0F2-5149-4C59-BE5C-DA89AD44AB66}.Release|x64.Build.0 = Release|Any CPU
		{63E91635-0857-4853-A5F0-64E4DE895A17}.Debug|Any CPU.ActiveCfg = Debug|Any CPU
		{63E91635-0857-4853-A5F0-64E4DE895A17}.Debug|Any CPU.Build.0 = Debug|Any CPU
		{63E91635-0857-4853-A5F0-64E4DE895A17}.Debug|x64.ActiveCfg = Debug|Any CPU
		{63E91635-0857-4853-A5F0-64E4DE895A17}.Debug|x64.Build.0 = Debug|Any CPU
		{63E91635-0857-4853-A5F0-64E4DE895A17}.Release|Any CPU.ActiveCfg = Release|Any CPU
		{63E91635-0857-4853-A5F0-64E4DE895A17}.Release|Any CPU.Build.0 = Release|Any CPU
		{63E91635-0857-4853-A5F0-64E4DE895A17}.Release|x64.ActiveCfg = Release|Any CPU
		{63E91635-0857-4853-A5F0-64E4DE895A17}.Release|x64.Build.0 = Release|Any CPU
	EndGlobalSection
	GlobalSection(SolutionProperties) = preSolution
		HideSolutionNode = FALSE
	EndGlobalSection
	GlobalSection(ExtensibilityGlobals) = postSolution
		SolutionGuid = {625C1EB5-44CF-47DE-A85A-B4C8C40ED90A}
		EnterpriseLibraryConfigurationToolBinariesPath = .1.505.2\lib\NET35
	EndGlobalSection
EndGlobal
